{
  "nodes": {
    "nixpkgs-unstable": {
      "locked": {
        "lastModified": 1719690277,
        "narHash": "sha256-0xSej1g7eP2kaUF+JQp8jdyNmpmCJKRpO12mKl/36Kc=",
        "owner": "NixOS",
        "repo": "nixpkgs",
        "rev": "2741b4b489b55df32afac57bc4bfd220e8bf617e",
        "type": "github"
      },
      "original": {
        "owner": "NixOS",
        "ref": "nixos-unstable",
        "repo": "nixpkgs",
        "type": "github"
      }
    },
    "root": {
      "inputs": {
        "nixpkgs-unstable": "nixpkgs-unstable",
        "tabi": "tabi"
      }
    },
    "tabi": {
      "flake": false,
      "locked": {
        "lastModified": 1719825754,
        "narHash": "sha256-+DXlqQYKZ3tNttFzu/wPSQy0ugOmWSF6oPhublSMvu0=",
        "owner": "welpo",
        "repo": "tabi",
        "rev": "4145364e085929ae9c09ccb908a0bae77a0b7520",
        "type": "github"
      },
      "original": {
        "owner": "welpo",
        "ref": "main",
        "repo": "tabi",
        "type": "github"
      }
    }
  },
  "root": "root",
  "version": 7
}
