{
  "nodes": {
    "nixpkgs-unstable": {
      "locked": {
        "lastModified": 1701068326,
        "narHash": "sha256-vmMceA+q6hG1yrjb+MP8T0YFDQIrW3bl45e7z24IEts=",
        "owner": "NixOS",
        "repo": "nixpkgs",
        "rev": "8cfef6986adfb599ba379ae53c9f5631ecd2fd9c",
        "type": "github"
      },
      "original": {
        "owner": "NixOS",
        "ref": "nixos-unstable",
        "repo": "nixpkgs",
        "type": "github"
      }
    },
    "root": {
      "inputs": {
        "nixpkgs-unstable": "nixpkgs-unstable",
        "tabi": "tabi"
      }
    },
    "tabi": {
      "flake": false,
      "locked": {
        "lastModified": 1701198887,
        "narHash": "sha256-ErnCaLoY1CXkUDILxpb+Yzsy0gUyjvVjiiSryS9zMdg=",
        "owner": "welpo",
        "repo": "tabi",
        "rev": "dd76c18faa8633713832fafe3dcf1a8b05ed0335",
        "type": "github"
      },
      "original": {
        "owner": "welpo",
        "ref": "main",
        "repo": "tabi",
        "type": "github"
      }
    }
  },
  "root": "root",
  "version": 7
}
